
Microsoft Visual Studio Solution File, Format Version 12.00
# Visual Studio 15
VisualStudioVersion = 15.0.28307.329
MinimumVisualStudioVersion = 10.0.40219.1
Project("{FAE04EC0-301F-11D3-BF4B-00C04F79EFBC}") = "CRUD", "WindowsFormsApp1\CRUD.csproj", "{F8A30D2F-51D0-4E75-BEB2-2364F7ECA25D}"
EndProject
Project("{FAE04EC0-301F-11D3-BF4B-00C04F79EFBC}") = "CRUD.Tests", "CRUD.Tests\CRUD.Tests.csproj", "{F0C14187-0C19-422F-AE64-4F40AC8509BC}"
EndProject
Global
	GlobalSection(SolutionConfigurationPlatforms) = preSolution
		Debug|Any CPU = Debug|Any CPU
		Release|Any CPU = Release|Any CPU
	EndGlobalSection
	GlobalSection(ProjectConfigurationPlatforms) = postSolution
		{F8A30D2F-51D0-4E75-BEB2-2364F7ECA25D}.Debug|Any CPU.ActiveCfg = Debug|Any CPU
		{F8A30D2F-51D0-4E75-BEB2-2364F7ECA25D}.Debug|Any CPU.Build.0 = Debug|Any CPU
		{F8A30D2F-51D0-4E75-BEB2-2364F7ECA25D}.Release|Any CPU.ActiveCfg = Release|Any CPU
		{F8A30D2F-51D0-4E75-BEB2-2364F7ECA25D}.Release|Any CPU.Build.0 = Release|Any CPU
		{F0C14187-0C19-422F-AE64-4F40AC8509BC}.Debug|Any CPU.ActiveCfg = Debug|Any CPU
		{F0C14187-0C19-422F-AE64-4F40AC8509BC}.Debug|Any CPU.Build.0 = Debug|Any CPU
		{F0C14187-0C19-422F-AE64-4F40AC8509BC}.Release|Any CPU.ActiveCfg = Release|Any CPU
		{F0C14187-0C19-422F-AE64-4F40AC8509BC}.Release|Any CPU.Build.0 = Release|Any CPU
	EndGlobalSection
	GlobalSection(SolutionProperties) = preSolution
		HideSolutionNode = FALSE
	EndGlobalSection
	GlobalSection(ExtensibilityGlobals) = postSolution
		SolutionGuid = {6F640E66-2067-41C3-A1DB-4E01BD253F8C}
	EndGlobalSection
EndGlobal
